
Microsoft Visual Studio Solution File, Format Version 12.00
# Visual Studio Version 17
VisualStudioVersion = 17.5.002.0
MinimumVisualStudioVersion = 10.0.40219.1
Project("{9A19103F-16F7-4668-BE54-9A1E7A4F7556}") = "GB_Verification_work", "GB_Verification_work.csproj", "{3ED26D5D-4805-4641-AAAF-DDE76FD1AEC4}"
EndProject
Global
	GlobalSection(SolutionConfigurationPlatforms) = preSolution
		Debug|Any CPU = Debug|Any CPU
		Release|Any CPU = Release|Any CPU
	EndGlobalSection
	GlobalSection(ProjectConfigurationPlatforms) = postSolution
		{3ED26D5D-4805-4641-AAAF-DDE76FD1AEC4}.Debug|Any CPU.ActiveCfg = Debug|Any CPU
		{3ED26D5D-4805-4641-AAAF-DDE76FD1AEC4}.Debug|Any CPU.Build.0 = Debug|Any CPU
		{3ED26D5D-4805-4641-AAAF-DDE76FD1AEC4}.Release|Any CPU.ActiveCfg = Release|Any CPU
		{3ED26D5D-4805-4641-AAAF-DDE76FD1AEC4}.Release|Any CPU.Build.0 = Release|Any CPU
	EndGlobalSection
	GlobalSection(SolutionProperties) = preSolution
		HideSolutionNode = FALSE
	EndGlobalSection
	GlobalSection(ExtensibilityGlobals) = postSolution
		SolutionGuid = {2B2E8A3B-C543-46D6-9F42-4CC43937C000}
	EndGlobalSection
EndGlobal
